
Microsoft Visual Studio Solution File, Format Version 12.00
Project("{FAE04EC0-301F-11D3-BF4B-00C04F79EFBC}") = "testSeleniumGitExtension", "testSeleniumGitExtension\testSeleniumGitExtension.csproj", "{2555DC0A-FE7E-4AE8-997A-CE7B27D0DE33}"
EndProject
Global
	GlobalSection(SolutionConfigurationPlatforms) = preSolution
		Debug|Any CPU = Debug|Any CPU
		Release|Any CPU = Release|Any CPU
	EndGlobalSection
	GlobalSection(ProjectConfigurationPlatforms) = postSolution
		{2555DC0A-FE7E-4AE8-997A-CE7B27D0DE33}.Debug|Any CPU.ActiveCfg = Debug|Any CPU
		{2555DC0A-FE7E-4AE8-997A-CE7B27D0DE33}.Debug|Any CPU.Build.0 = Debug|Any CPU
		{2555DC0A-FE7E-4AE8-997A-CE7B27D0DE33}.Release|Any CPU.ActiveCfg = Release|Any CPU
		{2555DC0A-FE7E-4AE8-997A-CE7B27D0DE33}.Release|Any CPU.Build.0 = Release|Any CPU
	EndGlobalSection
EndGlobal
